<?xml version="1.0" encoding="utf-8"?>
<Project ToolsVersion="4.0" xmlns="http://schemas.microsoft.com/developer/msbuild/2003">
  <ItemGroup>
    <Filter Include="Game">
      <UniqueIdentifier>{e65d88de-e9cb-4a08-b963-79e35a0b1695}</UniqueIdentifier>
    </Filter>
    <Filter Include="Game\Abstract">
      <UniqueIdentifier>{d70a1063-dbf4-4c57-86de-fde42b10f63d}</UniqueIdentifier>
    </Filter>
    <Filter Include="Game\Keyboard">
      <UniqueIdentifier>{f129cbd4-d654-44d5-b5a9-5dcdee3c5e5e}</UniqueIdentifier>
    </Filter>
  </ItemGroup>
  <ItemGroup>
    <ClCompile Include="GameApp.cpp">
      <Filter>Game</Filter>
    </ClCompile>
    <ClCompile Include="GameApple.cpp">
      <Filter>Game</Filter>
    </ClCompile>
    <ClCompile Include="GameLevel.cpp">
      <Filter>Game</Filter>
    </ClCompile>
    <ClCompile Include="GameSnake.cpp">
      <Filter>Game</Filter>
    </ClCompile>
    <ClCompile Include="GameWindow.cpp">
      <Filter>Game</Filter>
    </ClCompile>
    <ClCompile Include="main.cpp" />
    <ClCompile Include="KeyboardBinding.cpp">
      <Filter>Game\Keyboard</Filter>
    </ClCompile>
  </ItemGroup>
  <ItemGroup>
    <ClInclude Include="GameWindow.h">
      <Filter>Game</Filter>
    </ClInclude>
    <ClInclude Include="GameApp.h">
      <Filter>Game</Filter>
    </ClInclude>
    <ClInclude Include="GameApple.h">
      <Filter>Game</Filter>
    </ClInclude>
    <ClInclude Include="GameLevel.h">
      <Filter>Game</Filter>
    </ClInclude>
    <ClInclude Include="GameSnake.h">
      <Filter>Game</Filter>
    </ClInclude>
    <ClInclude Include="IDraw.h">
      <Filter>Game\Abstract</Filter>
    </ClInclude>
    <ClInclude Include="KeyboardBinding.h">
      <Filter>Game\Keyboard</Filter>
    </ClInclude>
  </ItemGroup>
</Project>